
Microsoft Visual Studio Solution File, Format Version 12.00
# Visual Studio Version 17
VisualStudioVersion = 17.3.32922.545
MinimumVisualStudioVersion = 10.0.40219.1
Project("{FAE04EC0-301F-11D3-BF4B-00C04F79EFBC}") = "Banka", "BankaRpc\Banka.csproj", "{A9A6B0F5-21CD-477D-A42B-8B1E0A4E4E2D}"
EndProject
Project("{FAE04EC0-301F-11D3-BF4B-00C04F79EFBC}") = "Client", "Client\Client.csproj", "{A55D1213-E32D-4A9F-BE59-69BC4891AB2F}"
EndProject
Project("{FAE04EC0-301F-11D3-BF4B-00C04F79EFBC}") = "Bank", "Bank\Bank.csproj", "{387522C0-D15B-48F0-AFA2-D4188156DE95}"
EndProject
Global
	GlobalSection(SolutionConfigurationPlatforms) = preSolution
		Debug|Any CPU = Debug|Any CPU
		Release|Any CPU = Release|Any CPU
	EndGlobalSection
	GlobalSection(ProjectConfigurationPlatforms) = postSolution
		{A9A6B0F5-21CD-477D-A42B-8B1E0A4E4E2D}.Debug|Any CPU.ActiveCfg = Debug|Any CPU
		{A9A6B0F5-21CD-477D-A42B-8B1E0A4E4E2D}.Debug|Any CPU.Build.0 = Debug|Any CPU
		{A9A6B0F5-21CD-477D-A42B-8B1E0A4E4E2D}.Release|Any CPU.ActiveCfg = Release|Any CPU
		{A9A6B0F5-21CD-477D-A42B-8B1E0A4E4E2D}.Release|Any CPU.Build.0 = Release|Any CPU
		{A55D1213-E32D-4A9F-BE59-69BC4891AB2F}.Debug|Any CPU.ActiveCfg = Debug|Any CPU
		{A55D1213-E32D-4A9F-BE59-69BC4891AB2F}.Debug|Any CPU.Build.0 = Debug|Any CPU
		{A55D1213-E32D-4A9F-BE59-69BC4891AB2F}.Release|Any CPU.ActiveCfg = Release|Any CPU
		{A55D1213-E32D-4A9F-BE59-69BC4891AB2F}.Release|Any CPU.Build.0 = Release|Any CPU
		{387522C0-D15B-48F0-AFA2-D4188156DE95}.Debug|Any CPU.ActiveCfg = Debug|Any CPU
		{387522C0-D15B-48F0-AFA2-D4188156DE95}.Debug|Any CPU.Build.0 = Debug|Any CPU
		{387522C0-D15B-48F0-AFA2-D4188156DE95}.Release|Any CPU.ActiveCfg = Release|Any CPU
		{387522C0-D15B-48F0-AFA2-D4188156DE95}.Release|Any CPU.Build.0 = Release|Any CPU
	EndGlobalSection
	GlobalSection(SolutionProperties) = preSolution
		HideSolutionNode = FALSE
	EndGlobalSection
	GlobalSection(ExtensibilityGlobals) = postSolution
		SolutionGuid = {369A2DE5-E296-4AF5-90D8-53E832B05C56}
	EndGlobalSection
EndGlobal
